// !$*UTF8*$!
{
	archiveVersion = 1;
	classes = {
	};
	objectVersion = 46;
	objects = {

/* Begin PBXBuildFile section */
		378B23901EB0A47800A0F2E6 /* main.swift in Sources */ = {isa = PBXBuildFile; fileRef = 378B238F1EB0A47800A0F2E6 /* main.swift */; };
		378B23971EB0A48D00A0F2E6 /* DebugLogger.swift in Sources */ = {isa = PBXBuildFile; fileRef = 378B23961EB0A48D00A0F2E6 /* DebugLogger.swift */; };
/* End PBXBuildFile section */

/* Begin PBXCopyFilesBuildPhase section */
		378B238A1EB0A47800A0F2E6 /* CopyFiles */ = {
			isa = PBXCopyFilesBuildPhase;
			buildActionMask = 2147483647;
			dstPath = /usr/share/man/man1/;
			dstSubfolderSpec = 0;
			files = (
			);
			runOnlyForDeploymentPostprocessing = 1;
		};
/* End PBXCopyFilesBuildPhase section */

/* Begin PBXFileReference section */
		378B238C1EB0A47800A0F2E6 /* DebugLog */ = {isa = PBXFileReference; explicitFileType = "compiled.mach-o.executable"; includeInIndex = 0; path = DebugLog; sourceTree = BUILT_PRODUCTS_DIR; };
		378B238F1EB0A47800A0F2E6 /* main.swift */ = {isa = PBXFileReference; lastKnownFileType = sourcecode.swift; path = main.swift; sourceTree = "<group>"; };
		378B23961EB0A48D00A0F2E6 /* DebugLogger.swift */ = {isa = PBXFileReference; fileEncoding = 4; lastKnownFileType = sourcecode.swift; path = DebugLogger.swift; sourceTree = "<group>"; };
/* End PBXFileReference section */

/* Begin PBXFrameworksBuildPhase section */
		378B23891EB0A47800A0F2E6 /* Frameworks */ = {
			isa = PBXFrameworksBuildPhase;
			buildActionMask = 2147483647;
			files = (
			);
			runOnlyForDeploymentPostprocessing = 0;
		};
/* End PBXFrameworksBuildPhase section */

/* Begin PBXGroup section */
		378B23831EB0A47800A0F2E6 = {
			isa = PBXGroup;
			children = (
				378B238E1EB0A47800A0F2E6 /* DebugLog */,
				378B238D1EB0A47800A0F2E6 /* Products */,
			);
			sourceTree = "<group>";
		};
		378B238D1EB0A47800A0F2E6 /* Products */ = {
			isa = PBXGroup;
			children = (
				378B238C1EB0A47800A0F2E6 /* DebugLog */,
			);
			name = Products;
			sourceTree = "<group>";
		};
		378B238E1EB0A47800A0F2E6 /* DebugLog */ = {
			isa = PBXGroup;
			children = (
				378B238F1EB0A47800A0F2E6 /* main.swift */,
				378B23961EB0A48D00A0F2E6 /* DebugLogger.swift */,
			);
			path = DebugLog;
			sourceTree = "<group>";
		};
/* End PBXGroup section */

/* Begin PBXNativeTarget section */
		378B238B1EB0A47800A0F2E6 /* DebugLog */ = {
			isa = PBXNativeTarget;
			buildConfigurationList = 378B23931EB0A47800A0F2E6 /* Build configuration list for PBXNativeTarget "DebugLog" */;
			buildPhases = (
				378B23881EB0A47800A0F2E6 /* Sources */,
				378B23891EB0A47800A0F2E6 /* Frameworks */,
				378B238A1EB0A47800A0F2E6 /* CopyFiles */,
			);
			buildRules = (
			);
			dependencies = (
			);
			name = DebugLog;
			productName = DebugLog;
			productReference = 378B238C1EB0A47800A0F2E6 /* DebugLog */;
			productType = "com.apple.product-type.tool";
		};
/* End PBXNativeTarget section */

/* Begin PBXProject section */
		378B23841EB0A47800A0F2E6 /* Project object */ = {
			isa = PBXProject;
			attributes = {
				LastSwiftUpdateCheck = 0830;
				LastUpgradeCheck = 0830;
				ORGANIZATIONNAME = "Prabin K Datta";
				TargetAttributes = {
					378B238B1EB0A47800A0F2E6 = {
						CreatedOnToolsVersion = 8.3.2;
						DevelopmentTeam = 9DDPTP86JE;
						ProvisioningStyle = Automatic;
					};
				};
			};
			buildConfigurationList = 378B23871EB0A47800A0F2E6 /* Build configuration list for PBXProject "DebugLog" */;
			compatibilityVersion = "Xcode 3.2";
			developmentRegion = English;
			hasScannedForEncodings = 0;
			knownRegions = (
				en,
			);
			mainGroup = 378B23831EB0A47800A0F2E6;
			productRefGroup = 378B238D1EB0A47800A0F2E6 /* Products */;
			projectDirPath = "";
			projectRoot = "";
			targets = (
				378B238B1EB0A47800A0F2E6 /* DebugLog */,
			);
		};
/* End PBXProject section */

/* Begin PBXSourcesBuildPhase section */
		378B23881EB0A47800A0F2E6 /* Sources */ = {
			isa = PBXSourcesBuildPhase;
			buildActionMask = 2147483647;
			files = (
				378B23901EB0A47800A0F2E6 /* main.swift in Sources */,
				378B23971EB0A48D00A0F2E6 /* DebugLogger.swift in Sources */,
			);
			runOnlyForDeploymentPostprocessing = 0;
		};
/* End PBXSourcesBuildPhase section */

/* Begin XCBuildConfiguration section */
		378B23911EB0A47800A0F2E6 /* Debug */ = {
			isa = XCBuildConfiguration;
			buildSettings = {
				ALWAYS_SEARCH_USER_PATHS = NO;
				CLANG_ANALYZER_NONNULL = YES;
				CLANG_ANALYZER_NUMBER_OBJECT_CONVERSION = YES_AGGRESSIVE;
				CLANG_CXX_LANGUAGE_STANDARD = "gnu++0x";
				CLANG_CXX_LIBRARY = "libc++";
				CLANG_ENABLE_MODULES = YES;
				CLANG_ENABLE_OBJC_ARC = YES;
				CLANG_WARN_BOOL_CONVERSION = YES;
				CLANG_WARN_CONSTANT_CONVERSION = YES;
				CLANG_WARN_DIRECT_OBJC_ISA_USAGE = YES_ERROR;
				CLANG_WARN_DOCUMENTATION_COMMENTS = YES;
				CLANG_WARN_EMPTY_BODY = YES;
				CLANG_WARN_ENUM_CONVERSION = YES;
				CLANG_WARN_INFINITE_RECURSION = YES;
				CLANG_WARN_INT_CONVERSION = YES;
				CLANG_WARN_OBJC_ROOT_CLASS = YES_ERROR;
				CLANG_WARN_SUSPICIOUS_MOVE = YES;
				CLANG_WARN_UNREACHABLE_CODE = YES;
				CLANG_WARN__DUPLICATE_METHOD_MATCH = YES;
				CODE_SIGN_IDENTITY = "-";
				COPY_PHASE_STRIP = NO;
				DEBUG_INFORMATION_FORMAT = dwarf;
				ENABLE_STRICT_OBJC_MSGSEND = YES;
				ENABLE_TESTABILITY = YES;
				GCC_C_LANGUAGE_STANDARD = gnu99;
				GCC_DYNAMIC_NO_PIC = NO;
				GCC_NO_COMMON_BLOCKS = YES;
				GCC_OPTIMIZATION_LEVEL = 0;
				GCC_PREPROCESSOR_DEFINITIONS = (
					"DEBUG=1",
					"$(inherited)",
				);
				GCC_WARN_64_TO_32_BIT_CONVERSION = YES;
				GCC_WARN_ABOUT_RETURN_TYPE = YES_ERROR;
				GCC_WARN_UNDECLARED_SELECTOR = YES;
				GCC_WARN_UNINITIALIZED_AUTOS = YES_AGGRESSIVE;
				GCC_WARN_UNUSED_FUNCTION = YES;
				GCC_WARN_UNUSED_VARIABLE = YES;
				MACOSX_DEPLOYMENT_TARGET = 10.12;
				MTL_ENABLE_DEBUG_INFO = YES;
				ONLY_ACTIVE_ARCH = YES;
				SDKROOT = macosx;
				SWIFT_OPTIMIZATION_LEVEL = "-Onone";
			};
			name = Debug;
		};
		378B23921EB0A47800A0F2E6 /* Release */ = {
			isa = XCBuildConfiguration;
			buildSettings = {
				ALWAYS_SEARCH_USER_PATHS = NO;
				CLANG_ANALYZER_NONNULL = YES;
				CLANG_ANALYZER_NUMBER_OBJECT_CONVERSION = YES_AGGRESSIVE;
				CLANG_CXX_LANGUAGE_STANDARD = "gnu++0x";
				CLANG_CXX_LIBRARY = "libc++";
				CLANG_ENABLE_MODULES = YES;
				CLANG_ENABLE_OBJC_ARC = YES;
				CLANG_WARN_BOOL_CONVERSION = YES;
				CLANG_WARN_CONSTANT_CONVERSION = YES;
				CLANG_WARN_DIRECT_OBJC_ISA_USAGE = YES_ERROR;
				CLANG_WARN_DOCUMENTATION_COMMENTS = YES;
				CLANG_WARN_EMPTY_BODY = YES;
				CLANG_WARN_ENUM_CONVERSION = YES;
				CLANG_WARN_INFINITE_RECURSION = YES;
				CLANG_WARN_INT_CONVERSION = YES;
				CLANG_WARN_OBJC_ROOT_CLASS = YES_ERROR;
				CLANG_WARN_SUSPICIOUS_MOVE = YES;
				CLANG_WARN_UNREACHABLE_CODE = YES;
				CLANG_WARN__DUPLICATE_METHOD_MATCH = YES;
				CODE_SIGN_IDENTITY = "-";
				COPY_PHASE_STRIP = NO;
				DEBUG_INFORMATION_FORMAT = "dwarf-with-dsym";
				ENABLE_NS_ASSERTIONS = NO;
				ENABLE_STRICT_OBJC_MSGSEND = YES;
				GCC_C_LANGUAGE_STANDARD = gnu99;
				GCC_NO_COMMON_BLOCKS = YES;
				GCC_WARN_64_TO_32_BIT_CONVERSION = YES;
				GCC_WARN_ABOUT_RETURN_TYPE = YES_ERROR;
				GCC_WARN_UNDECLARED_SELECTOR = YES;
				GCC_WARN_UNINITIALIZED_AUTOS = YES_AGGRESSIVE;
				GCC_WARN_UNUSED_FUNCTION = YES;
				GCC_WARN_UNUSED_VARIABLE = YES;
				MACOSX_DEPLOYMENT_TARGET = 10.12;
				MTL_ENABLE_DEBUG_INFO = NO;
				SDKROOT = macosx;
			};
			name = Release;
		};
		378B23941EB0A47800A0F2E6 /* Debug */ = {
			isa = XCBuildConfiguration;
			buildSettings = {
				DEVELOPMENT_TEAM = 9DDPTP86JE;
				PRODUCT_NAME = "$(TARGET_NAME)";
				SWIFT_VERSION = 3.0;
			};
			name = Debug;
		};
		378B23951EB0A47800A0F2E6 /* Release */ = {
			isa = XCBuildConfiguration;
			buildSettings = {
				DEVELOPMENT_TEAM = 9DDPTP86JE;
				PRODUCT_NAME = "$(TARGET_NAME)";
				SWIFT_VERSION = 3.0;
			};
			name = Release;
		};
/* End XCBuildConfiguration section */

/* Begin XCConfigurationList section */
		378B23871EB0A47800A0F2E6 /* Build configuration list for PBXProject "DebugLog" */ = {
			isa = XCConfigurationList;
			buildConfigurations = (
				378B23911EB0A47800A0F2E6 /* Debug */,
				378B23921EB0A47800A0F2E6 /* Release */,
			);
			defaultConfigurationIsVisible = 0;
			defaultConfigurationName = Release;
		};
		378B23931EB0A47800A0F2E6 /* Build configuration list for PBXNativeTarget "DebugLog" */ = {
			isa = XCConfigurationList;
			buildConfigurations = (
				378B23941EB0A47800A0F2E6 /* Debug */,
				378B23951EB0A47800A0F2E6 /* Release */,
			);
			defaultConfigurationIsVisible = 0;
		};
/* End XCConfigurationList section */
	};
	rootObject = 378B23841EB0A47800A0F2E6 /* Project object */;
}
